
Microsoft Visual Studio Solution File, Format Version 12.00
# Visual Studio Version 17
VisualStudioVersion = 17.8.34511.84
MinimumVisualStudioVersion = 10.0.40219.1
Project("{FAE04EC0-301F-11D3-BF4B-00C04F79EFBC}") = "Sirbu_Iulia_Lab5", "Sirbu_Iulia_Lab5.csproj", "{FBF5B202-FD88-48EE-8F98-8EBFD322465E}"
EndProject
Global
	GlobalSection(SolutionConfigurationPlatforms) = preSolution
		Debug|Any CPU = Debug|Any CPU
		Release|Any CPU = Release|Any CPU
	EndGlobalSection
	GlobalSection(ProjectConfigurationPlatforms) = postSolution
		{FBF5B202-FD88-48EE-8F98-8EBFD322465E}.Debug|Any CPU.ActiveCfg = Debug|Any CPU
		{FBF5B202-FD88-48EE-8F98-8EBFD322465E}.Debug|Any CPU.Build.0 = Debug|Any CPU
		{FBF5B202-FD88-48EE-8F98-8EBFD322465E}.Release|Any CPU.ActiveCfg = Release|Any CPU
		{FBF5B202-FD88-48EE-8F98-8EBFD322465E}.Release|Any CPU.Build.0 = Release|Any CPU
	EndGlobalSection
	GlobalSection(SolutionProperties) = preSolution
		HideSolutionNode = FALSE
	EndGlobalSection
	GlobalSection(ExtensibilityGlobals) = postSolution
		SolutionGuid = {27D4BA8C-6A3D-476B-9670-929572186D35}
	EndGlobalSection
EndGlobal
